
Microsoft Visual Studio Solution File, Format Version 12.00
# Visual Studio Version 16
VisualStudioVersion = 16.0.31112.23
MinimumVisualStudioVersion = 10.0.40219.1
Project("{FAE04EC0-301F-11D3-BF4B-00C04F79EFBC}") = "MVC_003", "MVC_003\MVC_003.csproj", "{A2E1015A-633F-4DE2-BEF5-1B5F405DB1FF}"
EndProject
Global
	GlobalSection(SolutionConfigurationPlatforms) = preSolution
		Debug|Any CPU = Debug|Any CPU
		Release|Any CPU = Release|Any CPU
	EndGlobalSection
	GlobalSection(ProjectConfigurationPlatforms) = postSolution
		{A2E1015A-633F-4DE2-BEF5-1B5F405DB1FF}.Debug|Any CPU.ActiveCfg = Debug|Any CPU
		{A2E1015A-633F-4DE2-BEF5-1B5F405DB1FF}.Debug|Any CPU.Build.0 = Debug|Any CPU
		{A2E1015A-633F-4DE2-BEF5-1B5F405DB1FF}.Release|Any CPU.ActiveCfg = Release|Any CPU
		{A2E1015A-633F-4DE2-BEF5-1B5F405DB1FF}.Release|Any CPU.Build.0 = Release|Any CPU
	EndGlobalSection
	GlobalSection(SolutionProperties) = preSolution
		HideSolutionNode = FALSE
	EndGlobalSection
	GlobalSection(ExtensibilityGlobals) = postSolution
		SolutionGuid = {DB4385B5-DCC0-411D-A870-F848F177B0FC}
	EndGlobalSection
EndGlobal
